
Microsoft Visual Studio Solution File, Format Version 12.00
# Visual Studio Version 17
VisualStudioVersion = 17.8.34309.116
MinimumVisualStudioVersion = 10.0.40219.1
Project("{9A19103F-16F7-4668-BE54-9A1E7A4F7556}") = "Net8Features", "Net8Features.csproj", "{90BC51D3-9EC9-4F4D-BF76-BE746FC8DBAC}"
EndProject
Project("{FAE04EC0-301F-11D3-BF4B-00C04F79EFBC}") = "DAL8", "..\DAL8\DAL8.csproj", "{2BD31B43-BD90-4E72-80C0-A04C9FA644D4}"
EndProject
Global
	GlobalSection(SolutionConfigurationPlatforms) = preSolution
		Debug|Any CPU = Debug|Any CPU
		Release|Any CPU = Release|Any CPU
	EndGlobalSection
	GlobalSection(ProjectConfigurationPlatforms) = postSolution
		{90BC51D3-9EC9-4F4D-BF76-BE746FC8DBAC}.Debug|Any CPU.ActiveCfg = Debug|Any CPU
		{90BC51D3-9EC9-4F4D-BF76-BE746FC8DBAC}.Debug|Any CPU.Build.0 = Debug|Any CPU
		{90BC51D3-9EC9-4F4D-BF76-BE746FC8DBAC}.Release|Any CPU.ActiveCfg = Release|Any CPU
		{90BC51D3-9EC9-4F4D-BF76-BE746FC8DBAC}.Release|Any CPU.Build.0 = Release|Any CPU
		{2BD31B43-BD90-4E72-80C0-A04C9FA644D4}.Debug|Any CPU.ActiveCfg = Debug|Any CPU
		{2BD31B43-BD90-4E72-80C0-A04C9FA644D4}.Debug|Any CPU.Build.0 = Debug|Any CPU
		{2BD31B43-BD90-4E72-80C0-A04C9FA644D4}.Release|Any CPU.ActiveCfg = Release|Any CPU
		{2BD31B43-BD90-4E72-80C0-A04C9FA644D4}.Release|Any CPU.Build.0 = Release|Any CPU
	EndGlobalSection
	GlobalSection(SolutionProperties) = preSolution
		HideSolutionNode = FALSE
	EndGlobalSection
	GlobalSection(ExtensibilityGlobals) = postSolution
		SolutionGuid = {91610EB7-BED7-4BF2-9069-B8307D65B026}
	EndGlobalSection
EndGlobal
